
Microsoft Visual Studio Solution File, Format Version 12.00
# Visual Studio Version 17
VisualStudioVersion = 17.0.31903.59
MinimumVisualStudioVersion = 10.0.40219.1
Project("{2150E333-8FDC-42A3-9474-1A3956D46DE8}") = "Server", "Server", "{DAD03CFC-D5FA-AC94-41C7-9ABAB326F09E}"
EndProject
Project("{FAE04EC0-301F-11D3-BF4B-00C04F79EFBC}") = "Entities", "Entities\Entities.csproj", "{53855DF1-47B0-494C-8CB2-1BDA44D8A1C3}"
EndProject
Project("{FAE04EC0-301F-11D3-BF4B-00C04F79EFBC}") = "RepositoryContracts", "RepositoryContracts\RepositoryContracts.csproj", "{FCD59B1B-B7DB-4E41-996F-0C771DF382C9}"
EndProject
Project("{FAE04EC0-301F-11D3-BF4B-00C04F79EFBC}") = "InMemoryRepositories", "InMemoryRepositories\InMemoryRepositories.csproj", "{65106A69-4BFD-44A0-827A-A44E660D3D65}"
EndProject
Project("{FAE04EC0-301F-11D3-BF4B-00C04F79EFBC}") = "CLI", "CLI\CLI.csproj", "{58E59E76-B3A2-42E8-B3EC-647A97F52A75}"
EndProject
Project("{FAE04EC0-301F-11D3-BF4B-00C04F79EFBC}") = "FileRepositories", "FileRepositories\FileRepositories.csproj", "{4B6FCA8D-1AE2-4D13-884B-9F82597B41F3}"
EndProject
Project("{2150E333-8FDC-42A3-9474-1A3956D46DE8}") = "Shared", "Shared", "{4F52FD11-658E-A102-6CD3-7D7C16FFA15B}"
EndProject
Project("{FAE04EC0-301F-11D3-BF4B-00C04F79EFBC}") = "WebAPI", "WebAPI\WebAPI.csproj", "{F08B32D8-CD90-40A9-BD15-575DE5D40242}"
EndProject
Project("{FAE04EC0-301F-11D3-BF4B-00C04F79EFBC}") = "ApiContracts", "Shared\ApiContracts\ApiContracts.csproj", "{45F9A13F-6F0F-4D47-B392-815E52301AF3}"
EndProject
Project("{FAE04EC0-301F-11D3-BF4B-00C04F79EFBC}") = "CLIClient", "CLIClient\CLIClient.csproj", "{6DDCDF56-603F-432E-9E9C-643C802705BD}"
EndProject
Global
	GlobalSection(SolutionConfigurationPlatforms) = preSolution
		Debug|Any CPU = Debug|Any CPU
		Debug|x64 = Debug|x64
		Debug|x86 = Debug|x86
		Release|Any CPU = Release|Any CPU
		Release|x64 = Release|x64
		Release|x86 = Release|x86
	EndGlobalSection
	GlobalSection(ProjectConfigurationPlatforms) = postSolution
		{53855DF1-47B0-494C-8CB2-1BDA44D8A1C3}.Debug|Any CPU.ActiveCfg = Debug|Any CPU
		{53855DF1-47B0-494C-8CB2-1BDA44D8A1C3}.Debug|Any CPU.Build.0 = Debug|Any CPU
		{53855DF1-47B0-494C-8CB2-1BDA44D8A1C3}.Debug|x64.ActiveCfg = Debug|Any CPU
		{53855DF1-47B0-494C-8CB2-1BDA44D8A1C3}.Debug|x64.Build.0 = Debug|Any CPU
		{53855DF1-47B0-494C-8CB2-1BDA44D8A1C3}.Debug|x86.ActiveCfg = Debug|Any CPU
		{53855DF1-47B0-494C-8CB2-1BDA44D8A1C3}.Debug|x86.Build.0 = Debug|Any CPU
		{53855DF1-47B0-494C-8CB2-1BDA44D8A1C3}.Release|Any CPU.ActiveCfg = Release|Any CPU
		{53855DF1-47B0-494C-8CB2-1BDA44D8A1C3}.Release|Any CPU.Build.0 = Release|Any CPU
		{53855DF1-47B0-494C-8CB2-1BDA44D8A1C3}.Release|x64.ActiveCfg = Release|Any CPU
		{53855DF1-47B0-494C-8CB2-1BDA44D8A1C3}.Release|x64.Build.0 = Release|Any CPU
		{53855DF1-47B0-494C-8CB2-1BDA44D8A1C3}.Release|x86.ActiveCfg = Release|Any CPU
		{53855DF1-47B0-494C-8CB2-1BDA44D8A1C3}.Release|x86.Build.0 = Release|Any CPU
		{FCD59B1B-B7DB-4E41-996F-0C771DF382C9}.Debug|Any CPU.ActiveCfg = Debug|Any CPU
		{FCD59B1B-B7DB-4E41-996F-0C771DF382C9}.Debug|Any CPU.Build.0 = Debug|Any CPU
		{FCD59B1B-B7DB-4E41-996F-0C771DF382C9}.Debug|x64.ActiveCfg = Debug|Any CPU
		{FCD59B1B-B7DB-4E41-996F-0C771DF382C9}.Debug|x64.Build.0 = Debug|Any CPU
		{FCD59B1B-B7DB-4E41-996F-0C771DF382C9}.Debug|x86.ActiveCfg = Debug|Any CPU
		{FCD59B1B-B7DB-4E41-996F-0C771DF382C9}.Debug|x86.Build.0 = Debug|Any CPU
		{FCD59B1B-B7DB-4E41-996F-0C771DF382C9}.Release|Any CPU.ActiveCfg = Release|Any CPU
		{FCD59B1B-B7DB-4E41-996F-0C771DF382C9}.Release|Any CPU.Build.0 = Release|Any CPU
		{FCD59B1B-B7DB-4E41-996F-0C771DF382C9}.Release|x64.ActiveCfg = Release|Any CPU
		{FCD59B1B-B7DB-4E41-996F-0C771DF382C9}.Release|x64.Build.0 = Release|Any CPU
		{FCD59B1B-B7DB-4E41-996F-0C771DF382C9}.Release|x86.ActiveCfg = Release|Any CPU
		{FCD59B1B-B7DB-4E41-996F-0C771DF382C9}.Release|x86.Build.0 = Release|Any CPU
		{65106A69-4BFD-44A0-827A-A44E660D3D65}.Debug|Any CPU.ActiveCfg = Debug|Any CPU
		{65106A69-4BFD-44A0-827A-A44E660D3D65}.Debug|Any CPU.Build.0 = Debug|Any CPU
		{65106A69-4BFD-44A0-827A-A44E660D3D65}.Debug|x64.ActiveCfg = Debug|Any CPU
		{65106A69-4BFD-44A0-827A-A44E660D3D65}.Debug|x64.Build.0 = Debug|Any CPU
		{65106A69-4BFD-44A0-827A-A44E660D3D65}.Debug|x86.ActiveCfg = Debug|Any CPU
		{65106A69-4BFD-44A0-827A-A44E660D3D65}.Debug|x86.Build.0 = Debug|Any CPU
		{65106A69-4BFD-44A0-827A-A44E660D3D65}.Release|Any CPU.ActiveCfg = Release|Any CPU
		{65106A69-4BFD-44A0-827A-A44E660D3D65}.Release|Any CPU.Build.0 = Release|Any CPU
		{65106A69-4BFD-44A0-827A-A44E660D3D65}.Release|x64.ActiveCfg = Release|Any CPU
		{65106A69-4BFD-44A0-827A-A44E660D3D65}.Release|x64.Build.0 = Release|Any CPU
		{65106A69-4BFD-44A0-827A-A44E660D3D65}.Release|x86.ActiveCfg = Release|Any CPU
		{65106A69-4BFD-44A0-827A-A44E660D3D65}.Release|x86.Build.0 = Release|Any CPU
		{58E59E76-B3A2-42E8-B3EC-647A97F52A75}.Debug|Any CPU.ActiveCfg = Debug|Any CPU
		{58E59E76-B3A2-42E8-B3EC-647A97F52A75}.Debug|Any CPU.Build.0 = Debug|Any CPU
		{58E59E76-B3A2-42E8-B3EC-647A97F52A75}.Debug|x64.ActiveCfg = Debug|Any CPU
		{58E59E76-B3A2-42E8-B3EC-647A97F52A75}.Debug|x64.Build.0 = Debug|Any CPU
		{58E59E76-B3A2-42E8-B3EC-647A97F52A75}.Debug|x86.ActiveCfg = Debug|Any CPU
		{58E59E76-B3A2-42E8-B3EC-647A97F52A75}.Debug|x86.Build.0 = Debug|Any CPU
		{58E59E76-B3A2-42E8-B3EC-647A97F52A75}.Release|Any CPU.ActiveCfg = Release|Any CPU
		{58E59E76-B3A2-42E8-B3EC-647A97F52A75}.Release|Any CPU.Build.0 = Release|Any CPU
		{58E59E76-B3A2-42E8-B3EC-647A97F52A75}.Release|x64.ActiveCfg = Release|Any CPU
		{58E59E76-B3A2-42E8-B3EC-647A97F52A75}.Release|x64.Build.0 = Release|Any CPU
		{58E59E76-B3A2-42E8-B3EC-647A97F52A75}.Release|x86.ActiveCfg = Release|Any CPU
		{58E59E76-B3A2-42E8-B3EC-647A97F52A75}.Release|x86.Build.0 = Release|Any CPU
		{4B6FCA8D-1AE2-4D13-884B-9F82597B41F3}.Debug|Any CPU.ActiveCfg = Debug|Any CPU
		{4B6FCA8D-1AE2-4D13-884B-9F82597B41F3}.Debug|Any CPU.Build.0 = Debug|Any CPU
		{4B6FCA8D-1AE2-4D13-884B-9F82597B41F3}.Debug|x64.ActiveCfg = Debug|Any CPU
		{4B6FCA8D-1AE2-4D13-884B-9F82597B41F3}.Debug|x64.Build.0 = Debug|Any CPU
		{4B6FCA8D-1AE2-4D13-884B-9F82597B41F3}.Debug|x86.ActiveCfg = Debug|Any CPU
		{4B6FCA8D-1AE2-4D13-884B-9F82597B41F3}.Debug|x86.Build.0 = Debug|Any CPU
		{4B6FCA8D-1AE2-4D13-884B-9F82597B41F3}.Release|Any CPU.ActiveCfg = Release|Any CPU
		{4B6FCA8D-1AE2-4D13-884B-9F82597B41F3}.Release|Any CPU.Build.0 = Release|Any CPU
		{4B6FCA8D-1AE2-4D13-884B-9F82597B41F3}.Release|x64.ActiveCfg = Release|Any CPU
		{4B6FCA8D-1AE2-4D13-884B-9F82597B41F3}.Release|x64.Build.0 = Release|Any CPU
		{4B6FCA8D-1AE2-4D13-884B-9F82597B41F3}.Release|x86.ActiveCfg = Release|Any CPU
		{4B6FCA8D-1AE2-4D13-884B-9F82597B41F3}.Release|x86.Build.0 = Release|Any CPU
		{F08B32D8-CD90-40A9-BD15-575DE5D40242}.Debug|Any CPU.ActiveCfg = Debug|Any CPU
		{F08B32D8-CD90-40A9-BD15-575DE5D40242}.Debug|Any CPU.Build.0 = Debug|Any CPU
		{F08B32D8-CD90-40A9-BD15-575DE5D40242}.Debug|x64.ActiveCfg = Debug|Any CPU
		{F08B32D8-CD90-40A9-BD15-575DE5D40242}.Debug|x64.Build.0 = Debug|Any CPU
		{F08B32D8-CD90-40A9-BD15-575DE5D40242}.Debug|x86.ActiveCfg = Debug|Any CPU
		{F08B32D8-CD90-40A9-BD15-575DE5D40242}.Debug|x86.Build.0 = Debug|Any CPU
		{F08B32D8-CD90-40A9-BD15-575DE5D40242}.Release|Any CPU.ActiveCfg = Release|Any CPU
		{F08B32D8-CD90-40A9-BD15-575DE5D40242}.Release|Any CPU.Build.0 = Release|Any CPU
		{F08B32D8-CD90-40A9-BD15-575DE5D40242}.Release|x64.ActiveCfg = Release|Any CPU
		{F08B32D8-CD90-40A9-BD15-575DE5D40242}.Release|x64.Build.0 = Release|Any CPU
		{F08B32D8-CD90-40A9-BD15-575DE5D40242}.Release|x86.ActiveCfg = Release|Any CPU
		{F08B32D8-CD90-40A9-BD15-575DE5D40242}.Release|x86.Build.0 = Release|Any CPU
		{45F9A13F-6F0F-4D47-B392-815E52301AF3}.Debug|Any CPU.ActiveCfg = Debug|Any CPU
		{45F9A13F-6F0F-4D47-B392-815E52301AF3}.Debug|Any CPU.Build.0 = Debug|Any CPU
		{45F9A13F-6F0F-4D47-B392-815E52301AF3}.Debug|x64.ActiveCfg = Debug|Any CPU
		{45F9A13F-6F0F-4D47-B392-815E52301AF3}.Debug|x64.Build.0 = Debug|Any CPU
		{45F9A13F-6F0F-4D47-B392-815E52301AF3}.Debug|x86.ActiveCfg = Debug|Any CPU
		{45F9A13F-6F0F-4D47-B392-815E52301AF3}.Debug|x86.Build.0 = Debug|Any CPU
		{45F9A13F-6F0F-4D47-B392-815E52301AF3}.Release|Any CPU.ActiveCfg = Release|Any CPU
		{45F9A13F-6F0F-4D47-B392-815E52301AF3}.Release|Any CPU.Build.0 = Release|Any CPU
		{45F9A13F-6F0F-4D47-B392-815E52301AF3}.Release|x64.ActiveCfg = Release|Any CPU
		{45F9A13F-6F0F-4D47-B392-815E52301AF3}.Release|x64.Build.0 = Release|Any CPU
		{45F9A13F-6F0F-4D47-B392-815E52301AF3}.Release|x86.ActiveCfg = Release|Any CPU
		{45F9A13F-6F0F-4D47-B392-815E52301AF3}.Release|x86.Build.0 = Release|Any CPU
		{6DDCDF56-603F-432E-9E9C-643C802705BD}.Debug|Any CPU.ActiveCfg = Debug|Any CPU
		{6DDCDF56-603F-432E-9E9C-643C802705BD}.Debug|Any CPU.Build.0 = Debug|Any CPU
		{6DDCDF56-603F-432E-9E9C-643C802705BD}.Debug|x64.ActiveCfg = Debug|Any CPU
		{6DDCDF56-603F-432E-9E9C-643C802705BD}.Debug|x64.Build.0 = Debug|Any CPU
		{6DDCDF56-603F-432E-9E9C-643C802705BD}.Debug|x86.ActiveCfg = Debug|Any CPU
		{6DDCDF56-603F-432E-9E9C-643C802705BD}.Debug|x86.Build.0 = Debug|Any CPU
		{6DDCDF56-603F-432E-9E9C-643C802705BD}.Release|Any CPU.ActiveCfg = Release|Any CPU
		{6DDCDF56-603F-432E-9E9C-643C802705BD}.Release|Any CPU.Build.0 = Release|Any CPU
		{6DDCDF56-603F-432E-9E9C-643C802705BD}.Release|x64.ActiveCfg = Release|Any CPU
		{6DDCDF56-603F-432E-9E9C-643C802705BD}.Release|x64.Build.0 = Release|Any CPU
		{6DDCDF56-603F-432E-9E9C-643C802705BD}.Release|x86.ActiveCfg = Release|Any CPU
		{6DDCDF56-603F-432E-9E9C-643C802705BD}.Release|x86.Build.0 = Release|Any CPU
	EndGlobalSection
	GlobalSection(SolutionProperties) = preSolution
		HideSolutionNode = FALSE
	EndGlobalSection
	GlobalSection(NestedProjects) = preSolution
		{45F9A13F-6F0F-4D47-B392-815E52301AF3} = {4F52FD11-658E-A102-6CD3-7D7C16FFA15B}
	EndGlobalSection
EndGlobal
